{
    "name": "integration-ts-example",
    "version": "1.0.0",
    "lockfileVersion": 3,
    "requires": true,
    "packages": {
        "": {
            "name": "integration-ts-example",
            "version": "1.0.0",
            "license": "ISC",
            "dependencies": {
                "bonjour-service": "^1.2.1",
                "debug": "^4.3.7",
                "dns-packet": "^5.6.1",
                "fast-deep-equal": "^3.1.3",
                "integration-api": "ZsakaiBalint/integration-node-library#iss-27",
                "ms": "^2.1.3",
                "multicast-dns": "^7.2.5",
                "thunky": "^1.1.0",
                "ws": "^8.18.0"
            },
            "devDependencies": {
                "@types/debug": "^4.1.12",
                "@types/node": "^22.7.5",
                "@types/ws": "^8.5.12",
                "typescript": "^5.6.3"
            }
        },
        "node_modules/@leichtgewicht/ip-codec": {
            "version": "2.0.5",
            "resolved": "https://registry.npmjs.org/@leichtgewicht/ip-codec/-/ip-codec-2.0.5.tgz",
            "integrity": "sha512-Vo+PSpZG2/fmgmiNzYK9qWRh8h/CHrwD0mo1h1DzL4yzHNSfWYujGTYsWGreD000gcgmZ7K4Ys6Tx9TxtsKdDw=="
        },
        "node_modules/@types/debug": {
            "version": "4.1.12",
            "resolved": "https://registry.npmjs.org/@types/debug/-/debug-4.1.12.tgz",
            "integrity": "sha512-vIChWdVG3LG1SMxEvI/AK+FWJthlrqlTu7fbrlywTkkaONwk/UAGaULXRlf8vkzFBLVm0zkMdCquhL5aOjhXPQ==",
            "dev": true,
            "dependencies": {
                "@types/ms": "*"
            }
        },
        "node_modules/@types/ms": {
            "version": "0.7.34",
            "resolved": "https://registry.npmjs.org/@types/ms/-/ms-0.7.34.tgz",
            "integrity": "sha512-nG96G3Wp6acyAgJqGasjODb+acrI7KltPiRxzHPXnP3NgI28bpQDRv53olbqGXbfcgF5aiiHmO3xpwEpS5Ld9g==",
            "dev": true
        },
        "node_modules/@types/node": {
            "version": "22.7.5",
            "resolved": "https://registry.npmjs.org/@types/node/-/node-22.7.5.tgz",
            "integrity": "sha512-jML7s2NAzMWc//QSJ1a3prpk78cOPchGvXJsC3C6R6PSMoooztvRVQEz89gmBTBY1SPMaqo5teB4uNHPdetShQ==",
            "dev": true,
            "dependencies": {
                "undici-types": "~6.19.2"
            }
        },
        "node_modules/@types/ws": {
            "version": "8.5.12",
            "resolved": "https://registry.npmjs.org/@types/ws/-/ws-8.5.12.tgz",
            "integrity": "sha512-3tPRkv1EtkDpzlgyKyI8pGsGZAGPEaXeu0DOj5DI25Ja91bdAYddYHbADRYVrZMRbfW+1l5YwXVDKohDJNQxkQ==",
            "dev": true,
            "dependencies": {
                "@types/node": "*"
            }
        },
        "node_modules/bonjour-service": {
            "version": "1.2.1",
            "resolved": "https://registry.npmjs.org/bonjour-service/-/bonjour-service-1.2.1.tgz",
            "integrity": "sha512-oSzCS2zV14bh2kji6vNe7vrpJYCHGvcZnlffFQ1MEoX/WOeQ/teD8SYWKR942OI3INjq8OMNJlbPK5LLLUxFDw==",
            "dependencies": {
                "fast-deep-equal": "^3.1.3",
                "multicast-dns": "^7.2.5"
            }
        },
        "node_modules/debug": {
            "version": "4.3.7",
            "resolved": "https://registry.npmjs.org/debug/-/debug-4.3.7.tgz",
            "integrity": "sha512-Er2nc/H7RrMXZBFCEim6TCmMk02Z8vLC2Rbi1KEBggpo0fS6l0S1nnapwmIi3yW/+GOJap1Krg4w0Hg80oCqgQ==",
            "dependencies": {
                "ms": "^2.1.3"
            },
            "engines": {
                "node": ">=6.0"
            },
            "peerDependenciesMeta": {
                "supports-color": {
                    "optional": true
                }
            }
        },
        "node_modules/dns-packet": {
            "version": "5.6.1",
            "resolved": "https://registry.npmjs.org/dns-packet/-/dns-packet-5.6.1.tgz",
            "integrity": "sha512-l4gcSouhcgIKRvyy99RNVOgxXiicE+2jZoNmaNmZ6JXiGajBOJAesk1OBlJuM5k2c+eudGdLxDqXuPCKIj6kpw==",
            "dependencies": {
                "@leichtgewicht/ip-codec": "^2.0.1"
            },
            "engines": {
                "node": ">=6"
            }
        },
        "node_modules/fast-deep-equal": {
            "version": "3.1.3",
            "resolved": "https://registry.npmjs.org/fast-deep-equal/-/fast-deep-equal-3.1.3.tgz",
            "integrity": "sha512-f3qQ9oQy9j2AhBe/H9VC91wLmKBCCU/gDOnKNAYG5hswO7BLKj09Hc5HYNz9cGI++xlpDCIgDaitVs03ATR84Q=="
        },
        "node_modules/integration-api": {
            "name": "uc-integration-api",
            "version": "0.1.0",
            "resolved": "git+ssh://git@github.com/ZsakaiBalint/integration-node-library.git#b95868f847513cd7c1c04945afe82b3acb23bd61",
            "dependencies": {
                "bonjour-service": "^1.2.1",
                "debug": "^4.3.7",
                "ws": "^8.18.0"
            },
            "engines": {
                "node": ">=16.18.0"
            }
        },
        "node_modules/ms": {
            "version": "2.1.3",
            "resolved": "https://registry.npmjs.org/ms/-/ms-2.1.3.tgz",
            "integrity": "sha512-6FlzubTLZG3J2a/NVCAleEhjzq5oxgHyaCU9yYXvcLsvoVaHJq/s5xXI6/XXP6tz7R9xAOtHnSO/tXtF3WRTlA=="
        },
        "node_modules/multicast-dns": {
            "version": "7.2.5",
            "resolved": "https://registry.npmjs.org/multicast-dns/-/multicast-dns-7.2.5.tgz",
            "integrity": "sha512-2eznPJP8z2BFLX50tf0LuODrpINqP1RVIm/CObbTcBRITQgmC/TjcREF1NeTBzIcR5XO/ukWo+YHOjBbFwIupg==",
            "dependencies": {
                "dns-packet": "^5.2.2",
                "thunky": "^1.0.2"
            },
            "bin": {
                "multicast-dns": "cli.js"
            }
        },
        "node_modules/thunky": {
            "version": "1.1.0",
            "resolved": "https://registry.npmjs.org/thunky/-/thunky-1.1.0.tgz",
            "integrity": "sha512-eHY7nBftgThBqOyHGVN+l8gF0BucP09fMo0oO/Lb0w1OF80dJv+lDVpXG60WMQvkcxAkNybKsrEIE3ZtKGmPrA=="
        },
        "node_modules/typescript": {
            "version": "5.6.3",
            "resolved": "https://registry.npmjs.org/typescript/-/typescript-5.6.3.tgz",
            "integrity": "sha512-hjcS1mhfuyi4WW8IWtjP7brDrG2cuDZukyrYrSauoXGNgx0S7zceP07adYkJycEr56BOUTNPzbInooiN3fn1qw==",
            "dev": true,
            "bin": {
                "tsc": "bin/tsc",
                "tsserver": "bin/tsserver"
            },
            "engines": {
                "node": ">=14.17"
            }
        },
        "node_modules/undici-types": {
            "version": "6.19.8",
            "resolved": "https://registry.npmjs.org/undici-types/-/undici-types-6.19.8.tgz",
            "integrity": "sha512-ve2KP6f/JnbPBFyobGHuerC9g1FYGn/F8n1LWTwNxCEzd6IfqTwUQcNXgEtmmQ6DlRrC1hrSrBnCZPokRrDHjw==",
            "dev": true
        },
        "node_modules/ws": {
            "version": "8.18.0",
            "resolved": "https://registry.npmjs.org/ws/-/ws-8.18.0.tgz",
            "integrity": "sha512-8VbfWfHLbbwu3+N6OKsOMpBdT4kXPDDB9cJk2bJ6mh9ucxdlnNvH1e+roYkKmN9Nxw2yjz7VzeO9oOz2zJ04Pw==",
            "engines": {
                "node": ">=10.0.0"
            },
            "peerDependencies": {
                "bufferutil": "^4.0.1",
                "utf-8-validate": ">=5.0.2"
            },
            "peerDependenciesMeta": {
                "bufferutil": {
                    "optional": true
                },
                "utf-8-validate": {
                    "optional": true
                }
            }
        },
        "ZsakaiBalint/integration-node-libraryt/iss-27": {
            "extraneous": true
        }
    }
}
